// !$*UTF8*$!
{
	archiveVersion = 1;
	classes = {
	};
	objectVersion = 50;
	objects = {

/* Begin PBXBuildFile section */
		DB62F4EC21A05EFA00FB5FCD /* AppDelegate.swift in Sources */ = {isa = PBXBuildFile; fileRef = DB62F4EB21A05EFA00FB5FCD /* AppDelegate.swift */; };
		DB62F4EE21A05EFA00FB5FCD /* ViewController.swift in Sources */ = {isa = PBXBuildFile; fileRef = DB62F4ED21A05EFA00FB5FCD /* ViewController.swift */; };
		DB62F4F121A05EFA00FB5FCD /* Main.storyboard in Resources */ = {isa = PBXBuildFile; fileRef = DB62F4EF21A05EFA00FB5FCD /* Main.storyboard */; };
		DB62F4F321A05EFB00FB5FCD /* Assets.xcassets in Resources */ = {isa = PBXBuildFile; fileRef = DB62F4F221A05EFB00FB5FCD /* Assets.xcassets */; };
		DB62F4F621A05EFB00FB5FCD /* LaunchScreen.storyboard in Resources */ = {isa = PBXBuildFile; fileRef = DB62F4F421A05EFB00FB5FCD /* LaunchScreen.storyboard */; };
/* End PBXBuildFile section */

/* Begin PBXFileReference section */
		DB62F4E821A05EFA00FB5FCD /* ClickToStamp.app */ = {isa = PBXFileReference; explicitFileType = wrapper.application; includeInIndex = 0; path = ClickToStamp.app; sourceTree = BUILT_PRODUCTS_DIR; };
		DB62F4EB21A05EFA00FB5FCD /* AppDelegate.swift */ = {isa = PBXFileReference; lastKnownFileType = sourcecode.swift; path = AppDelegate.swift; sourceTree = "<group>"; };
		DB62F4ED21A05EFA00FB5FCD /* ViewController.swift */ = {isa = PBXFileReference; lastKnownFileType = sourcecode.swift; path = ViewController.swift; sourceTree = "<group>"; };
		DB62F4F021A05EFA00FB5FCD /* Base */ = {isa = PBXFileReference; lastKnownFileType = file.storyboard; name = Base; path = Base.lproj/Main.storyboard; sourceTree = "<group>"; };
		DB62F4F221A05EFB00FB5FCD /* Assets.xcassets */ = {isa = PBXFileReference; lastKnownFileType = folder.assetcatalog; path = Assets.xcassets; sourceTree = "<group>"; };
		DB62F4F521A05EFB00FB5FCD /* Base */ = {isa = PBXFileReference; lastKnownFileType = file.storyboard; name = Base; path = Base.lproj/LaunchScreen.storyboard; sourceTree = "<group>"; };
		DB62F4F721A05EFB00FB5FCD /* Info.plist */ = {isa = PBXFileReference; lastKnownFileType = text.plist.xml; path = Info.plist; sourceTree = "<group>"; };
/* End PBXFileReference section */

/* Begin PBXFrameworksBuildPhase section */
		DB62F4E521A05EFA00FB5FCD /* Frameworks */ = {
			isa = PBXFrameworksBuildPhase;
			buildActionMask = 2147483647;
			files = (
			);
			runOnlyForDeploymentPostprocessing = 0;
		};
/* End PBXFrameworksBuildPhase section */

/* Begin PBXGroup section */
		DB62F4DF21A05EFA00FB5FCD = {
			isa = PBXGroup;
			children = (
				DB62F4EA21A05EFA00FB5FCD /* ClickToStamp */,
				DB62F4E921A05EFA00FB5FCD /* Products */,
			);
			sourceTree = "<group>";
		};
		DB62F4E921A05EFA00FB5FCD /* Products */ = {
			isa = PBXGroup;
			children = (
				DB62F4E821A05EFA00FB5FCD /* ClickToStamp.app */,
			);
			name = Products;
			sourceTree = "<group>";
		};
		DB62F4EA21A05EFA00FB5FCD /* ClickToStamp */ = {
			isa = PBXGroup;
			children = (
				DB62F4EB21A05EFA00FB5FCD /* AppDelegate.swift */,
				DB62F4ED21A05EFA00FB5FCD /* ViewController.swift */,
				DB62F4EF21A05EFA00FB5FCD /* Main.storyboard */,
				DB62F4F221A05EFB00FB5FCD /* Assets.xcassets */,
				DB62F4F421A05EFB00FB5FCD /* LaunchScreen.storyboard */,
				DB62F4F721A05EFB00FB5FCD /* Info.plist */,
			);
			path = ClickToStamp;
			sourceTree = "<group>";
		};
/* End PBXGroup section */

/* Begin PBXNativeTarget section */
		DB62F4E721A05EFA00FB5FCD /* ClickToStamp */ = {
			isa = PBXNativeTarget;
			buildConfigurationList = DB62F4FA21A05EFB00FB5FCD /* Build configuration list for PBXNativeTarget "ClickToStamp" */;
			buildPhases = (
				DB62F4E421A05EFA00FB5FCD /* Sources */,
				DB62F4E521A05EFA00FB5FCD /* Frameworks */,
				DB62F4E621A05EFA00FB5FCD /* Resources */,
			);
			buildRules = (
			);
			dependencies = (
			);
			name = ClickToStamp;
			productName = ClickToStamp;
			productReference = DB62F4E821A05EFA00FB5FCD /* ClickToStamp.app */;
			productType = "com.apple.product-type.application";
		};
/* End PBXNativeTarget section */

/* Begin PBXProject section */
		DB62F4E021A05EFA00FB5FCD /* Project object */ = {
			isa = PBXProject;
			attributes = {
				LastSwiftUpdateCheck = 1010;
				LastUpgradeCheck = 1010;
				ORGANIZATIONNAME = "Bilal Fakhro";
				TargetAttributes = {
					DB62F4E721A05EFA00FB5FCD = {
						CreatedOnToolsVersion = 10.1;
					};
				};
			};
			buildConfigurationList = DB62F4E321A05EFA00FB5FCD /* Build configuration list for PBXProject "ClickToStamp" */;
			compatibilityVersion = "Xcode 9.3";
			developmentRegion = en;
			hasScannedForEncodings = 0;
			knownRegions = (
				en,
				Base,
			);
			mainGroup = DB62F4DF21A05EFA00FB5FCD;
			productRefGroup = DB62F4E921A05EFA00FB5FCD /* Products */;
			projectDirPath = "";
			projectRoot = "";
			targets = (
				DB62F4E721A05EFA00FB5FCD /* ClickToStamp */,
			);
		};
/* End PBXProject section */

/* Begin PBXResourcesBuildPhase section */
		DB62F4E621A05EFA00FB5FCD /* Resources */ = {
			isa = PBXResourcesBuildPhase;
			buildActionMask = 2147483647;
			files = (
				DB62F4F621A05EFB00FB5FCD /* LaunchScreen.storyboard in Resources */,
				DB62F4F321A05EFB00FB5FCD /* Assets.xcassets in Resources */,
				DB62F4F121A05EFA00FB5FCD /* Main.storyboard in Resources */,
			);
			runOnlyForDeploymentPostprocessing = 0;
		};
/* End PBXResourcesBuildPhase section */

/* Begin PBXSourcesBuildPhase section */
		DB62F4E421A05EFA00FB5FCD /* Sources */ = {
			isa = PBXSourcesBuildPhase;
			buildActionMask = 2147483647;
			files = (
				DB62F4EE21A05EFA00FB5FCD /* ViewController.swift in Sources */,
				DB62F4EC21A05EFA00FB5FCD /* AppDelegate.swift in Sources */,
			);
			runOnlyForDeploymentPostprocessing = 0;
		};
/* End PBXSourcesBuildPhase section */

/* Begin PBXVariantGroup section */
		DB62F4EF21A05EFA00FB5FCD /* Main.storyboard */ = {
			isa = PBXVariantGroup;
			children = (
				DB62F4F021A05EFA00FB5FCD /* Base */,
			);
			name = Main.storyboard;
			sourceTree = "<group>";
		};
		DB62F4F421A05EFB00FB5FCD /* LaunchScreen.storyboard */ = {
			isa = PBXVariantGroup;
			children = (
				DB62F4F521A05EFB00FB5FCD /* Base */,
			);
			name = LaunchScreen.storyboard;
			sourceTree = "<group>";
		};
/* End PBXVariantGroup section */

/* Begin XCBuildConfiguration section */
		DB62F4F821A05EFB00FB5FCD /* Debug */ = {
			isa = XCBuildConfiguration;
			buildSettings = {
				ALWAYS_SEARCH_USER_PATHS = NO;
				CLANG_ANALYZER_NONNULL = YES;
				CLANG_ANALYZER_NUMBER_OBJECT_CONVERSION = YES_AGGRESSIVE;
				CLANG_CXX_LANGUAGE_STANDARD = "gnu++14";
				CLANG_CXX_LIBRARY = "libc++";
				CLANG_ENABLE_MODULES = YES;
				CLANG_ENABLE_OBJC_ARC = YES;
				CLANG_ENABLE_OBJC_WEAK = YES;
				CLANG_WARN_BLOCK_CAPTURE_AUTORELEASING = YES;
				CLANG_WARN_BOOL_CONVERSION = YES;
				CLANG_WARN_COMMA = YES;
				CLANG_WARN_CONSTANT_CONVERSION = YES;
				CLANG_WARN_DEPRECATED_OBJC_IMPLEMENTATIONS = YES;
				CLANG_WARN_DIRECT_OBJC_ISA_USAGE = YES_ERROR;
				CLANG_WARN_DOCUMENTATION_COMMENTS = YES;
				CLANG_WARN_EMPTY_BODY = YES;
				CLANG_WARN_ENUM_CONVERSION = YES;
				CLANG_WARN_INFINITE_RECURSION = YES;
				CLANG_WARN_INT_CONVERSION = YES;
				CLANG_WARN_NON_LITERAL_NULL_CONVERSION = YES;
				CLANG_WARN_OBJC_IMPLICIT_RETAIN_SELF = YES;
				CLANG_WARN_OBJC_LITERAL_CONVERSION = YES;
				CLANG_WARN_OBJC_ROOT_CLASS = YES_ERROR;
				CLANG_WARN_RANGE_LOOP_ANALYSIS = YES;
				CLANG_WARN_STRICT_PROTOTYPES = YES;
				CLANG_WARN_SUSPICIOUS_MOVE = YES;
				CLANG_WARN_UNGUARDED_AVAILABILITY = YES_AGGRESSIVE;
				CLANG_WARN_UNREACHABLE_CODE = YES;
				CLANG_WARN__DUPLICATE_METHOD_MATCH = YES;
				CODE_SIGN_IDENTITY = "iPhone Developer";
				COPY_PHASE_STRIP = NO;
				DEBUG_INFORMATION_FORMAT = dwarf;
				ENABLE_STRICT_OBJC_MSGSEND = YES;
				ENABLE_TESTABILITY = YES;
				GCC_C_LANGUAGE_STANDARD = gnu11;
				GCC_DYNAMIC_NO_PIC = NO;
				GCC_NO_COMMON_BLOCKS = YES;
				GCC_OPTIMIZATION_LEVEL = 0;
				GCC_PREPROCESSOR_DEFINITIONS = (
					"DEBUG=1",
					"$(inherited)",
				);
				GCC_WARN_64_TO_32_BIT_CONVERSION = YES;
				GCC_WARN_ABOUT_RETURN_TYPE = YES_ERROR;
				GCC_WARN_UNDECLARED_SELECTOR = YES;
				GCC_WARN_UNINITIALIZED_AUTOS = YES_AGGRESSIVE;
				GCC_WARN_UNUSED_FUNCTION = YES;
				GCC_WARN_UNUSED_VARIABLE = YES;
				IPHONEOS_DEPLOYMENT_TARGET = 12.1;
				MTL_ENABLE_DEBUG_INFO = INCLUDE_SOURCE;
				MTL_FAST_MATH = YES;
				ONLY_ACTIVE_ARCH = YES;
				SDKROOT = iphoneos;
				SWIFT_ACTIVE_COMPILATION_CONDITIONS = DEBUG;
				SWIFT_OPTIMIZATION_LEVEL = "-Onone";
			};
			name = Debug;
		};
		DB62F4F921A05EFB00FB5FCD /* Release */ = {
			isa = XCBuildConfiguration;
			buildSettings = {
				ALWAYS_SEARCH_USER_PATHS = NO;
				CLANG_ANALYZER_NONNULL = YES;
				CLANG_ANALYZER_NUMBER_OBJECT_CONVERSION = YES_AGGRESSIVE;
				CLANG_CXX_LANGUAGE_STANDARD = "gnu++14";
				CLANG_CXX_LIBRARY = "libc++";
				CLANG_ENABLE_MODULES = YES;
				CLANG_ENABLE_OBJC_ARC = YES;
				CLANG_ENABLE_OBJC_WEAK = YES;
				CLANG_WARN_BLOCK_CAPTURE_AUTORELEASING = YES;
				CLANG_WARN_BOOL_CONVERSION = YES;
				CLANG_WARN_COMMA = YES;
				CLANG_WARN_CONSTANT_CONVERSION = YES;
				CLANG_WARN_DEPRECATED_OBJC_IMPLEMENTATIONS = YES;
				CLANG_WARN_DIRECT_OBJC_ISA_USAGE = YES_ERROR;
				CLANG_WARN_DOCUMENTATION_COMMENTS = YES;
				CLANG_WARN_EMPTY_BODY = YES;
				CLANG_WARN_ENUM_CONVERSION = YES;
				CLANG_WARN_INFINITE_RECURSION = YES;
				CLANG_WARN_INT_CONVERSION = YES;
				CLANG_WARN_NON_LITERAL_NULL_CONVERSION = YES;
				CLANG_WARN_OBJC_IMPLICIT_RETAIN_SELF = YES;
				CLANG_WARN_OBJC_LITERAL_CONVERSION = YES;
				CLANG_WARN_OBJC_ROOT_CLASS = YES_ERROR;
				CLANG_WARN_RANGE_LOOP_ANALYSIS = YES;
				CLANG_WARN_STRICT_PROTOTYPES = YES;
				CLANG_WARN_SUSPICIOUS_MOVE = YES;
				CLANG_WARN_UNGUARDED_AVAILABILITY = YES_AGGRESSIVE;
				CLANG_WARN_UNREACHABLE_CODE = YES;
				CLANG_WARN__DUPLICATE_METHOD_MATCH = YES;
				CODE_SIGN_IDENTITY = "iPhone Developer";
				COPY_PHASE_STRIP = NO;
				DEBUG_INFORMATION_FORMAT = "dwarf-with-dsym";
				ENABLE_NS_ASSERTIONS = NO;
				ENABLE_STRICT_OBJC_MSGSEND = YES;
				GCC_C_LANGUAGE_STANDARD = gnu11;
				GCC_NO_COMMON_BLOCKS = YES;
				GCC_WARN_64_TO_32_BIT_CONVERSION = YES;
				GCC_WARN_ABOUT_RETURN_TYPE = YES_ERROR;
				GCC_WARN_UNDECLARED_SELECTOR = YES;
				GCC_WARN_UNINITIALIZED_AUTOS = YES_AGGRESSIVE;
				GCC_WARN_UNUSED_FUNCTION = YES;
				GCC_WARN_UNUSED_VARIABLE = YES;
				IPHONEOS_DEPLOYMENT_TARGET = 12.1;
				MTL_ENABLE_DEBUG_INFO = NO;
				MTL_FAST_MATH = YES;
				SDKROOT = iphoneos;
				SWIFT_COMPILATION_MODE = wholemodule;
				SWIFT_OPTIMIZATION_LEVEL = "-O";
				VALIDATE_PRODUCT = YES;
			};
			name = Release;
		};
		DB62F4FB21A05EFB00FB5FCD /* Debug */ = {
			isa = XCBuildConfiguration;
			buildSettings = {
				ASSETCATALOG_COMPILER_APPICON_NAME = AppIcon;
				CODE_SIGN_STYLE = Automatic;
				DEVELOPMENT_TEAM = L8C3XR869H;
				INFOPLIST_FILE = ClickToStamp/Info.plist;
				LD_RUNPATH_SEARCH_PATHS = (
					"$(inherited)",
					"@executable_path/Frameworks",
				);
				PRODUCT_BUNDLE_IDENTIFIER = com.bilal.fakhto.ClickToStamp;
				PRODUCT_NAME = "$(TARGET_NAME)";
				SWIFT_VERSION = 4.2;
				TARGETED_DEVICE_FAMILY = "1,2";
			};
			name = Debug;
		};
		DB62F4FC21A05EFB00FB5FCD /* Release */ = {
			isa = XCBuildConfiguration;
			buildSettings = {
				ASSETCATALOG_COMPILER_APPICON_NAME = AppIcon;
				CODE_SIGN_STYLE = Automatic;
				DEVELOPMENT_TEAM = L8C3XR869H;
				INFOPLIST_FILE = ClickToStamp/Info.plist;
				LD_RUNPATH_SEARCH_PATHS = (
					"$(inherited)",
					"@executable_path/Frameworks",
				);
				PRODUCT_BUNDLE_IDENTIFIER = com.bilal.fakhto.ClickToStamp;
				PRODUCT_NAME = "$(TARGET_NAME)";
				SWIFT_VERSION = 4.2;
				TARGETED_DEVICE_FAMILY = "1,2";
			};
			name = Release;
		};
/* End XCBuildConfiguration section */

/* Begin XCConfigurationList section */
		DB62F4E321A05EFA00FB5FCD /* Build configuration list for PBXProject "ClickToStamp" */ = {
			isa = XCConfigurationList;
			buildConfigurations = (
				DB62F4F821A05EFB00FB5FCD /* Debug */,
				DB62F4F921A05EFB00FB5FCD /* Release */,
			);
			defaultConfigurationIsVisible = 0;
			defaultConfigurationName = Release;
		};
		DB62F4FA21A05EFB00FB5FCD /* Build configuration list for PBXNativeTarget "ClickToStamp" */ = {
			isa = XCConfigurationList;
			buildConfigurations = (
				DB62F4FB21A05EFB00FB5FCD /* Debug */,
				DB62F4FC21A05EFB00FB5FCD /* Release */,
			);
			defaultConfigurationIsVisible = 0;
			defaultConfigurationName = Release;
		};
/* End XCConfigurationList section */
	};
	rootObject = DB62F4E021A05EFA00FB5FCD /* Project object */;
}
